// !$*UTF8*$!
{
	archiveVersion = 1;
	classes = {
	};
	objectVersion = 52;
	objects = {

/* Begin PBXBuildFile section */
		AFA0E82E235A172800D98880 /* ContentView.swift in Sources */ = {isa = PBXBuildFile; fileRef = AFA0E82D235A172800D98880 /* ContentView.swift */; };
		AFACE7D323462E8600F4568B /* PowerHistoryService.swift in Sources */ = {isa = PBXBuildFile; fileRef = AFACE7D123462E8600F4568B /* PowerHistoryService.swift */; };
		AFACE7D7234635F700F4568B /* Shell.swift in Sources */ = {isa = PBXBuildFile; fileRef = AFACE7D6234635F700F4568B /* Shell.swift */; };
		AFC2014B2580149100BDC6A2 /* PowerEventView.swift in Sources */ = {isa = PBXBuildFile; fileRef = AFC2014A2580149100BDC6A2 /* PowerEventView.swift */; };
		AFE84DAD2347BF9C006A4705 /* PMSetParsingModel.swift in Sources */ = {isa = PBXBuildFile; fileRef = AFE84DAC2347BF9C006A4705 /* PMSetParsingModel.swift */; };
		AFE84DAF2347C449006A4705 /* LastParsingModel.swift in Sources */ = {isa = PBXBuildFile; fileRef = AFE84DAE2347C449006A4705 /* LastParsingModel.swift */; };
		AFF55FC7234621BD001C4D72 /* AppDelegate.swift in Sources */ = {isa = PBXBuildFile; fileRef = AFF55FC6234621BD001C4D72 /* AppDelegate.swift */; };
		AFF55FCB234621BD001C4D72 /* Assets.xcassets in Resources */ = {isa = PBXBuildFile; fileRef = AFF55FCA234621BD001C4D72 /* Assets.xcassets */; };
		AFF55FCE234621BD001C4D72 /* Main.storyboard in Resources */ = {isa = PBXBuildFile; fileRef = AFF55FCC234621BD001C4D72 /* Main.storyboard */; };
		AFF55FD823462340001C4D72 /* PromiseKit in Frameworks */ = {isa = PBXBuildFile; productRef = AFF55FD723462340001C4D72 /* PromiseKit */; };
/* End PBXBuildFile section */

/* Begin PBXFileReference section */
		AFA0E82D235A172800D98880 /* ContentView.swift */ = {isa = PBXFileReference; lastKnownFileType = sourcecode.swift; path = ContentView.swift; sourceTree = "<group>"; };
		AFACE7D123462E8600F4568B /* PowerHistoryService.swift */ = {isa = PBXFileReference; fileEncoding = 4; lastKnownFileType = sourcecode.swift; path = PowerHistoryService.swift; sourceTree = "<group>"; };
		AFACE7D6234635F700F4568B /* Shell.swift */ = {isa = PBXFileReference; lastKnownFileType = sourcecode.swift; path = Shell.swift; sourceTree = "<group>"; };
		AFC2014A2580149100BDC6A2 /* PowerEventView.swift */ = {isa = PBXFileReference; lastKnownFileType = sourcecode.swift; path = PowerEventView.swift; sourceTree = "<group>"; };
		AFE84DAC2347BF9C006A4705 /* PMSetParsingModel.swift */ = {isa = PBXFileReference; lastKnownFileType = sourcecode.swift; path = PMSetParsingModel.swift; sourceTree = "<group>"; };
		AFE84DAE2347C449006A4705 /* LastParsingModel.swift */ = {isa = PBXFileReference; lastKnownFileType = sourcecode.swift; path = LastParsingModel.swift; sourceTree = "<group>"; };
		AFF55FC3234621BD001C4D72 /* PowerEvents.app */ = {isa = PBXFileReference; explicitFileType = wrapper.application; includeInIndex = 0; path = PowerEvents.app; sourceTree = BUILT_PRODUCTS_DIR; };
		AFF55FC6234621BD001C4D72 /* AppDelegate.swift */ = {isa = PBXFileReference; lastKnownFileType = sourcecode.swift; path = AppDelegate.swift; sourceTree = "<group>"; };
		AFF55FCA234621BD001C4D72 /* Assets.xcassets */ = {isa = PBXFileReference; lastKnownFileType = folder.assetcatalog; path = Assets.xcassets; sourceTree = "<group>"; };
		AFF55FCD234621BD001C4D72 /* Base */ = {isa = PBXFileReference; lastKnownFileType = file.storyboard; name = Base; path = Base.lproj/Main.storyboard; sourceTree = "<group>"; };
		AFF55FCF234621BD001C4D72 /* Info.plist */ = {isa = PBXFileReference; lastKnownFileType = text.plist.xml; path = Info.plist; sourceTree = "<group>"; };
		AFF55FD0234621BD001C4D72 /* PowerEvents.entitlements */ = {isa = PBXFileReference; lastKnownFileType = text.plist.entitlements; path = PowerEvents.entitlements; sourceTree = "<group>"; };
/* End PBXFileReference section */

/* Begin PBXFrameworksBuildPhase section */
		AFF55FC0234621BD001C4D72 /* Frameworks */ = {
			isa = PBXFrameworksBuildPhase;
			buildActionMask = 2147483647;
			files = (
				AFF55FD823462340001C4D72 /* PromiseKit in Frameworks */,
			);
			runOnlyForDeploymentPostprocessing = 0;
		};
/* End PBXFrameworksBuildPhase section */

/* Begin PBXGroup section */
		AF4CE5DF2351DA3500D84859 /* Parsing Models */ = {
			isa = PBXGroup;
			children = (
				AFE84DAC2347BF9C006A4705 /* PMSetParsingModel.swift */,
				AFE84DAE2347C449006A4705 /* LastParsingModel.swift */,
			);
			path = "Parsing Models";
			sourceTree = "<group>";
		};
		AFACE7D023462E8600F4568B /* Power History Service */ = {
			isa = PBXGroup;
			children = (
				AFACE7D123462E8600F4568B /* PowerHistoryService.swift */,
				AF4CE5DF2351DA3500D84859 /* Parsing Models */,
			);
			path = "Power History Service";
			sourceTree = "<group>";
		};
		AFACE7D5234635D600F4568B /* Shell */ = {
			isa = PBXGroup;
			children = (
				AFACE7D6234635F700F4568B /* Shell.swift */,
			);
			path = Shell;
			sourceTree = "<group>";
		};
		AFF55FBA234621BD001C4D72 = {
			isa = PBXGroup;
			children = (
				AFF55FC5234621BD001C4D72 /* PowerEvents */,
				AFF55FC4234621BD001C4D72 /* Products */,
			);
			sourceTree = "<group>";
		};
		AFF55FC4234621BD001C4D72 /* Products */ = {
			isa = PBXGroup;
			children = (
				AFF55FC3234621BD001C4D72 /* PowerEvents.app */,
			);
			name = Products;
			sourceTree = "<group>";
		};
		AFF55FC5234621BD001C4D72 /* PowerEvents */ = {
			isa = PBXGroup;
			children = (
				AFF55FC6234621BD001C4D72 /* AppDelegate.swift */,
				AFA0E82D235A172800D98880 /* ContentView.swift */,
				AFC2014A2580149100BDC6A2 /* PowerEventView.swift */,
				AFACE7D023462E8600F4568B /* Power History Service */,
				AFACE7D5234635D600F4568B /* Shell */,
				AFF55FCA234621BD001C4D72 /* Assets.xcassets */,
				AFF55FCC234621BD001C4D72 /* Main.storyboard */,
				AFF55FCF234621BD001C4D72 /* Info.plist */,
				AFF55FD0234621BD001C4D72 /* PowerEvents.entitlements */,
			);
			path = PowerEvents;
			sourceTree = "<group>";
		};
/* End PBXGroup section */

/* Begin PBXNativeTarget section */
		AFF55FC2234621BD001C4D72 /* PowerEvents */ = {
			isa = PBXNativeTarget;
			buildConfigurationList = AFF55FD3234621BD001C4D72 /* Build configuration list for PBXNativeTarget "PowerEvents" */;
			buildPhases = (
				AFF55FBF234621BD001C4D72 /* Sources */,
				AFF55FC0234621BD001C4D72 /* Frameworks */,
				AFF55FC1234621BD001C4D72 /* Resources */,
			);
			buildRules = (
			);
			dependencies = (
			);
			name = PowerEvents;
			packageProductDependencies = (
				AFF55FD723462340001C4D72 /* PromiseKit */,
			);
			productName = Shekely;
			productReference = AFF55FC3234621BD001C4D72 /* PowerEvents.app */;
			productType = "com.apple.product-type.application";
		};
/* End PBXNativeTarget section */

/* Begin PBXProject section */
		AFF55FBB234621BD001C4D72 /* Project object */ = {
			isa = PBXProject;
			attributes = {
				LastSwiftUpdateCheck = 1100;
				LastUpgradeCheck = 1100;
				ORGANIZATIONNAME = "Hubert Andrzejewski";
				TargetAttributes = {
					AFF55FC2234621BD001C4D72 = {
						CreatedOnToolsVersion = 11.0;
					};
				};
			};
			buildConfigurationList = AFF55FBE234621BD001C4D72 /* Build configuration list for PBXProject "PowerEvents" */;
			compatibilityVersion = "Xcode 9.3";
			developmentRegion = en;
			hasScannedForEncodings = 0;
			knownRegions = (
				en,
				Base,
			);
			mainGroup = AFF55FBA234621BD001C4D72;
			packageReferences = (
				AFF55FD623462340001C4D72 /* XCRemoteSwiftPackageReference "PromiseKit" */,
			);
			productRefGroup = AFF55FC4234621BD001C4D72 /* Products */;
			projectDirPath = "";
			projectRoot = "";
			targets = (
				AFF55FC2234621BD001C4D72 /* PowerEvents */,
			);
		};
/* End PBXProject section */

/* Begin PBXResourcesBuildPhase section */
		AFF55FC1234621BD001C4D72 /* Resources */ = {
			isa = PBXResourcesBuildPhase;
			buildActionMask = 2147483647;
			files = (
				AFF55FCB234621BD001C4D72 /* Assets.xcassets in Resources */,
				AFF55FCE234621BD001C4D72 /* Main.storyboard in Resources */,
			);
			runOnlyForDeploymentPostprocessing = 0;
		};
/* End PBXResourcesBuildPhase section */

/* Begin PBXSourcesBuildPhase section */
		AFF55FBF234621BD001C4D72 /* Sources */ = {
			isa = PBXSourcesBuildPhase;
			buildActionMask = 2147483647;
			files = (
				AFE84DAD2347BF9C006A4705 /* PMSetParsingModel.swift in Sources */,
				AFE84DAF2347C449006A4705 /* LastParsingModel.swift in Sources */,
				AFA0E82E235A172800D98880 /* ContentView.swift in Sources */,
				AFC2014B2580149100BDC6A2 /* PowerEventView.swift in Sources */,
				AFACE7D7234635F700F4568B /* Shell.swift in Sources */,
				AFACE7D323462E8600F4568B /* PowerHistoryService.swift in Sources */,
				AFF55FC7234621BD001C4D72 /* AppDelegate.swift in Sources */,
			);
			runOnlyForDeploymentPostprocessing = 0;
		};
/* End PBXSourcesBuildPhase section */

/* Begin PBXVariantGroup section */
		AFF55FCC234621BD001C4D72 /* Main.storyboard */ = {
			isa = PBXVariantGroup;
			children = (
				AFF55FCD234621BD001C4D72 /* Base */,
			);
			name = Main.storyboard;
			sourceTree = "<group>";
		};
/* End PBXVariantGroup section */

/* Begin XCBuildConfiguration section */
		AFF55FD1234621BD001C4D72 /* Debug */ = {
			isa = XCBuildConfiguration;
			buildSettings = {
				ALWAYS_SEARCH_USER_PATHS = NO;
				CLANG_ANALYZER_NONNULL = YES;
				CLANG_ANALYZER_NUMBER_OBJECT_CONVERSION = YES_AGGRESSIVE;
				CLANG_CXX_LANGUAGE_STANDARD = "gnu++14";
				CLANG_CXX_LIBRARY = "libc++";
				CLANG_ENABLE_MODULES = YES;
				CLANG_ENABLE_OBJC_ARC = YES;
				CLANG_ENABLE_OBJC_WEAK = YES;
				CLANG_WARN_BLOCK_CAPTURE_AUTORELEASING = YES;
				CLANG_WARN_BOOL_CONVERSION = YES;
				CLANG_WARN_COMMA = YES;
				CLANG_WARN_CONSTANT_CONVERSION = YES;
				CLANG_WARN_DEPRECATED_OBJC_IMPLEMENTATIONS = YES;
				CLANG_WARN_DIRECT_OBJC_ISA_USAGE = YES_ERROR;
				CLANG_WARN_DOCUMENTATION_COMMENTS = YES;
				CLANG_WARN_EMPTY_BODY = YES;
				CLANG_WARN_ENUM_CONVERSION = YES;
				CLANG_WARN_INFINITE_RECURSION = YES;
				CLANG_WARN_INT_CONVERSION = YES;
				CLANG_WARN_NON_LITERAL_NULL_CONVERSION = YES;
				CLANG_WARN_OBJC_IMPLICIT_RETAIN_SELF = YES;
				CLANG_WARN_OBJC_LITERAL_CONVERSION = YES;
				CLANG_WARN_OBJC_ROOT_CLASS = YES_ERROR;
				CLANG_WARN_RANGE_LOOP_ANALYSIS = YES;
				CLANG_WARN_STRICT_PROTOTYPES = YES;
				CLANG_WARN_SUSPICIOUS_MOVE = YES;
				CLANG_WARN_UNGUARDED_AVAILABILITY = YES_AGGRESSIVE;
				CLANG_WARN_UNREACHABLE_CODE = YES;
				CLANG_WARN__DUPLICATE_METHOD_MATCH = YES;
				COPY_PHASE_STRIP = NO;
				DEBUG_INFORMATION_FORMAT = dwarf;
				ENABLE_STRICT_OBJC_MSGSEND = YES;
				ENABLE_TESTABILITY = YES;
				GCC_C_LANGUAGE_STANDARD = gnu11;
				GCC_DYNAMIC_NO_PIC = NO;
				GCC_NO_COMMON_BLOCKS = YES;
				GCC_OPTIMIZATION_LEVEL = 0;
				GCC_PREPROCESSOR_DEFINITIONS = (
					"DEBUG=1",
					"$(inherited)",
				);
				GCC_WARN_64_TO_32_BIT_CONVERSION = YES;
				GCC_WARN_ABOUT_RETURN_TYPE = YES_ERROR;
				GCC_WARN_UNDECLARED_SELECTOR = YES;
				GCC_WARN_UNINITIALIZED_AUTOS = YES_AGGRESSIVE;
				GCC_WARN_UNUSED_FUNCTION = YES;
				GCC_WARN_UNUSED_VARIABLE = YES;
				MACOSX_DEPLOYMENT_TARGET = 10.14;
				MTL_ENABLE_DEBUG_INFO = INCLUDE_SOURCE;
				MTL_FAST_MATH = YES;
				ONLY_ACTIVE_ARCH = YES;
				SDKROOT = macosx;
				SWIFT_ACTIVE_COMPILATION_CONDITIONS = DEBUG;
				SWIFT_OPTIMIZATION_LEVEL = "-Onone";
			};
			name = Debug;
		};
		AFF55FD2234621BD001C4D72 /* Release */ = {
			isa = XCBuildConfiguration;
			buildSettings = {
				ALWAYS_SEARCH_USER_PATHS = NO;
				CLANG_ANALYZER_NONNULL = YES;
				CLANG_ANALYZER_NUMBER_OBJECT_CONVERSION = YES_AGGRESSIVE;
				CLANG_CXX_LANGUAGE_STANDARD = "gnu++14";
				CLANG_CXX_LIBRARY = "libc++";
				CLANG_ENABLE_MODULES = YES;
				CLANG_ENABLE_OBJC_ARC = YES;
				CLANG_ENABLE_OBJC_WEAK = YES;
				CLANG_WARN_BLOCK_CAPTURE_AUTORELEASING = YES;
				CLANG_WARN_BOOL_CONVERSION = YES;
				CLANG_WARN_COMMA = YES;
				CLANG_WARN_CONSTANT_CONVERSION = YES;
				CLANG_WARN_DEPRECATED_OBJC_IMPLEMENTATIONS = YES;
				CLANG_WARN_DIRECT_OBJC_ISA_USAGE = YES_ERROR;
				CLANG_WARN_DOCUMENTATION_COMMENTS = YES;
				CLANG_WARN_EMPTY_BODY = YES;
				CLANG_WARN_ENUM_CONVERSION = YES;
				CLANG_WARN_INFINITE_RECURSION = YES;
				CLANG_WARN_INT_CONVERSION = YES;
				CLANG_WARN_NON_LITERAL_NULL_CONVERSION = YES;
				CLANG_WARN_OBJC_IMPLICIT_RETAIN_SELF = YES;
				CLANG_WARN_OBJC_LITERAL_CONVERSION = YES;
				CLANG_WARN_OBJC_ROOT_CLASS = YES_ERROR;
				CLANG_WARN_RANGE_LOOP_ANALYSIS = YES;
				CLANG_WARN_STRICT_PROTOTYPES = YES;
				CLANG_WARN_SUSPICIOUS_MOVE = YES;
				CLANG_WARN_UNGUARDED_AVAILABILITY = YES_AGGRESSIVE;
				CLANG_WARN_UNREACHABLE_CODE = YES;
				CLANG_WARN__DUPLICATE_METHOD_MATCH = YES;
				COPY_PHASE_STRIP = NO;
				DEBUG_INFORMATION_FORMAT = "dwarf-with-dsym";
				ENABLE_NS_ASSERTIONS = NO;
				ENABLE_STRICT_OBJC_MSGSEND = YES;
				GCC_C_LANGUAGE_STANDARD = gnu11;
				GCC_NO_COMMON_BLOCKS = YES;
				GCC_WARN_64_TO_32_BIT_CONVERSION = YES;
				GCC_WARN_ABOUT_RETURN_TYPE = YES_ERROR;
				GCC_WARN_UNDECLARED_SELECTOR = YES;
				GCC_WARN_UNINITIALIZED_AUTOS = YES_AGGRESSIVE;
				GCC_WARN_UNUSED_FUNCTION = YES;
				GCC_WARN_UNUSED_VARIABLE = YES;
				MACOSX_DEPLOYMENT_TARGET = 10.14;
				MTL_ENABLE_DEBUG_INFO = NO;
				MTL_FAST_MATH = YES;
				SDKROOT = macosx;
				SWIFT_COMPILATION_MODE = wholemodule;
				SWIFT_OPTIMIZATION_LEVEL = "-O";
			};
			name = Release;
		};
		AFF55FD4234621BD001C4D72 /* Debug */ = {
			isa = XCBuildConfiguration;
			buildSettings = {
				ASSETCATALOG_COMPILER_APPICON_NAME = AppIcon;
				CODE_SIGN_ENTITLEMENTS = PowerEvents/PowerEvents.entitlements;
				CODE_SIGN_STYLE = Automatic;
				COMBINE_HIDPI_IMAGES = YES;
				DEVELOPMENT_TEAM = 4QYMTGDJ7R;
				ENABLE_HARDENED_RUNTIME = YES;
				INFOPLIST_FILE = PowerEvents/Info.plist;
				LD_RUNPATH_SEARCH_PATHS = (
					"$(inherited)",
					"@executable_path/../Frameworks",
				);
				MACOSX_DEPLOYMENT_TARGET = 11.0;
				PRODUCT_BUNDLE_IDENTIFIER = com.antrov.PowerEvents;
				PRODUCT_NAME = "$(TARGET_NAME)";
				SWIFT_VERSION = 5.0;
			};
			name = Debug;
		};
		AFF55FD5234621BD001C4D72 /* Release */ = {
			isa = XCBuildConfiguration;
			buildSettings = {
				ASSETCATALOG_COMPILER_APPICON_NAME = AppIcon;
				CODE_SIGN_ENTITLEMENTS = PowerEvents/PowerEvents.entitlements;
				CODE_SIGN_STYLE = Automatic;
				COMBINE_HIDPI_IMAGES = YES;
				DEVELOPMENT_TEAM = 4QYMTGDJ7R;
				ENABLE_HARDENED_RUNTIME = YES;
				INFOPLIST_FILE = PowerEvents/Info.plist;
				LD_RUNPATH_SEARCH_PATHS = (
					"$(inherited)",
					"@executable_path/../Frameworks",
				);
				MACOSX_DEPLOYMENT_TARGET = 11.0;
				PRODUCT_BUNDLE_IDENTIFIER = com.antrov.PowerEvents;
				PRODUCT_NAME = "$(TARGET_NAME)";
				SWIFT_VERSION = 5.0;
			};
			name = Release;
		};
/* End XCBuildConfiguration section */

/* Begin XCConfigurationList section */
		AFF55FBE234621BD001C4D72 /* Build configuration list for PBXProject "PowerEvents" */ = {
			isa = XCConfigurationList;
			buildConfigurations = (
				AFF55FD1234621BD001C4D72 /* Debug */,
				AFF55FD2234621BD001C4D72 /* Release */,
			);
			defaultConfigurationIsVisible = 0;
			defaultConfigurationName = Release;
		};
		AFF55FD3234621BD001C4D72 /* Build configuration list for PBXNativeTarget "PowerEvents" */ = {
			isa = XCConfigurationList;
			buildConfigurations = (
				AFF55FD4234621BD001C4D72 /* Debug */,
				AFF55FD5234621BD001C4D72 /* Release */,
			);
			defaultConfigurationIsVisible = 0;
			defaultConfigurationName = Release;
		};
/* End XCConfigurationList section */

/* Begin XCRemoteSwiftPackageReference section */
		AFF55FD623462340001C4D72 /* XCRemoteSwiftPackageReference "PromiseKit" */ = {
			isa = XCRemoteSwiftPackageReference;
			repositoryURL = "https://github.com/mxcl/PromiseKit.git";
			requirement = {
				kind = upToNextMajorVersion;
				minimumVersion = 6.11.0;
			};
		};
/* End XCRemoteSwiftPackageReference section */

/* Begin XCSwiftPackageProductDependency section */
		AFF55FD723462340001C4D72 /* PromiseKit */ = {
			isa = XCSwiftPackageProductDependency;
			package = AFF55FD623462340001C4D72 /* XCRemoteSwiftPackageReference "PromiseKit" */;
			productName = PromiseKit;
		};
/* End XCSwiftPackageProductDependency section */
	};
	rootObject = AFF55FBB234621BD001C4D72 /* Project object */;
}
